
Microsoft Visual Studio Solution File, Format Version 12.00
# Visual Studio 15
VisualStudioVersion = 15.0.28010.2050
MinimumVisualStudioVersion = 10.0.40219.1
Project("{FAE04EC0-301F-11D3-BF4B-00C04F79EFBC}") = "SeleniumScrapper", "SeleniumScrapper\SeleniumScrapper.csproj", "{727D284C-033D-4CF0-9E6B-6D5008CC4844}"
EndProject
Project("{FAE04EC0-301F-11D3-BF4B-00C04F79EFBC}") = "rummqListener", "rummqListener\rummqListener.csproj", "{F7A68F4B-2907-4B61-BD41-14AB7F5C056D}"
EndProject
Project("{FAE04EC0-301F-11D3-BF4B-00C04F79EFBC}") = "GraphQLService", "GraphQLService\GraphQLService.csproj", "{63B1C70F-BBEA-4089-8D6B-DCDC68CCA70A}"
EndProject
Project("{FAE04EC0-301F-11D3-BF4B-00C04F79EFBC}") = "WpfClient", "WpfClient\WpfClient.csproj", "{D2B3A337-6CC9-4FDF-BFAB-57F65FC7FD2A}"
EndProject
Global
	GlobalSection(SolutionConfigurationPlatforms) = preSolution
		Debug|Any CPU = Debug|Any CPU
		Release|Any CPU = Release|Any CPU
	EndGlobalSection
	GlobalSection(ProjectConfigurationPlatforms) = postSolution
		{727D284C-033D-4CF0-9E6B-6D5008CC4844}.Debug|Any CPU.ActiveCfg = Debug|Any CPU
		{727D284C-033D-4CF0-9E6B-6D5008CC4844}.Debug|Any CPU.Build.0 = Debug|Any CPU
		{727D284C-033D-4CF0-9E6B-6D5008CC4844}.Release|Any CPU.ActiveCfg = Release|Any CPU
		{727D284C-033D-4CF0-9E6B-6D5008CC4844}.Release|Any CPU.Build.0 = Release|Any CPU
		{F7A68F4B-2907-4B61-BD41-14AB7F5C056D}.Debug|Any CPU.ActiveCfg = Debug|Any CPU
		{F7A68F4B-2907-4B61-BD41-14AB7F5C056D}.Debug|Any CPU.Build.0 = Debug|Any CPU
		{F7A68F4B-2907-4B61-BD41-14AB7F5C056D}.Release|Any CPU.ActiveCfg = Release|Any CPU
		{F7A68F4B-2907-4B61-BD41-14AB7F5C056D}.Release|Any CPU.Build.0 = Release|Any CPU
		{63B1C70F-BBEA-4089-8D6B-DCDC68CCA70A}.Debug|Any CPU.ActiveCfg = Debug|Any CPU
		{63B1C70F-BBEA-4089-8D6B-DCDC68CCA70A}.Debug|Any CPU.Build.0 = Debug|Any CPU
		{63B1C70F-BBEA-4089-8D6B-DCDC68CCA70A}.Release|Any CPU.ActiveCfg = Release|Any CPU
		{63B1C70F-BBEA-4089-8D6B-DCDC68CCA70A}.Release|Any CPU.Build.0 = Release|Any CPU
		{D2B3A337-6CC9-4FDF-BFAB-57F65FC7FD2A}.Debug|Any CPU.ActiveCfg = Debug|Any CPU
		{D2B3A337-6CC9-4FDF-BFAB-57F65FC7FD2A}.Debug|Any CPU.Build.0 = Debug|Any CPU
		{D2B3A337-6CC9-4FDF-BFAB-57F65FC7FD2A}.Release|Any CPU.ActiveCfg = Release|Any CPU
		{D2B3A337-6CC9-4FDF-BFAB-57F65FC7FD2A}.Release|Any CPU.Build.0 = Release|Any CPU
	EndGlobalSection
	GlobalSection(SolutionProperties) = preSolution
		HideSolutionNode = FALSE
	EndGlobalSection
	GlobalSection(ExtensibilityGlobals) = postSolution
		SolutionGuid = {8E820787-6742-41D5-9833-6B678DC60F43}
	EndGlobalSection
EndGlobal
